
Microsoft Visual Studio Solution File, Format Version 12.00
# Visual Studio 15
VisualStudioVersion = 15.0.27906.1
MinimumVisualStudioVersion = 10.0.40219.1
Project("{FAE04EC0-301F-11D3-BF4B-00C04F79EFBC}") = "JackSazerak.UWP", "JackSazerak.UWP\JackSazerak.UWP.csproj", "{6207EBFB-0099-465E-BB5B-35D9B5669295}"
EndProject
Project("{9A19103F-16F7-4668-BE54-9A1E7A4F7556}") = "JackSazerak.lib", "JackSazerak.lib\JackSazerak.lib.csproj", "{A74E5178-494A-4B79-86EB-AB16CA15C5DB}"
EndProject
Project("{9A19103F-16F7-4668-BE54-9A1E7A4F7556}") = "JackSazerak.Web", "JackSazerak.Web\JackSazerak.Web.csproj", "{ABDED655-471F-4938-82A3-18812EE661A1}"
EndProject
Project("{FAE04EC0-301F-11D3-BF4B-00C04F79EFBC}") = "JackSazerak.Edtior.UWP", "JackSazerak.Edtior.UWP\JackSazerak.Edtior.UWP.csproj", "{58F7941B-9FB0-4EE5-9AF1-C07EAEAB8744}"
EndProject
Global
	GlobalSection(SolutionConfigurationPlatforms) = preSolution
		Debug|Any CPU = Debug|Any CPU
		Debug|ARM = Debug|ARM
		Debug|x64 = Debug|x64
		Debug|x86 = Debug|x86
		Release|Any CPU = Release|Any CPU
		Release|ARM = Release|ARM
		Release|x64 = Release|x64
		Release|x86 = Release|x86
	EndGlobalSection
	GlobalSection(ProjectConfigurationPlatforms) = postSolution
		{6207EBFB-0099-465E-BB5B-35D9B5669295}.Debug|Any CPU.ActiveCfg = Debug|x86
		{6207EBFB-0099-465E-BB5B-35D9B5669295}.Debug|ARM.ActiveCfg = Debug|ARM
		{6207EBFB-0099-465E-BB5B-35D9B5669295}.Debug|ARM.Build.0 = Debug|ARM
		{6207EBFB-0099-465E-BB5B-35D9B5669295}.Debug|ARM.Deploy.0 = Debug|ARM
		{6207EBFB-0099-465E-BB5B-35D9B5669295}.Debug|x64.ActiveCfg = Debug|x64
		{6207EBFB-0099-465E-BB5B-35D9B5669295}.Debug|x64.Build.0 = Debug|x64
		{6207EBFB-0099-465E-BB5B-35D9B5669295}.Debug|x64.Deploy.0 = Debug|x64
		{6207EBFB-0099-465E-BB5B-35D9B5669295}.Debug|x86.ActiveCfg = Debug|x86
		{6207EBFB-0099-465E-BB5B-35D9B5669295}.Debug|x86.Build.0 = Debug|x86
		{6207EBFB-0099-465E-BB5B-35D9B5669295}.Debug|x86.Deploy.0 = Debug|x86
		{6207EBFB-0099-465E-BB5B-35D9B5669295}.Release|Any CPU.ActiveCfg = Release|x86
		{6207EBFB-0099-465E-BB5B-35D9B5669295}.Release|ARM.ActiveCfg = Release|ARM
		{6207EBFB-0099-465E-BB5B-35D9B5669295}.Release|ARM.Build.0 = Release|ARM
		{6207EBFB-0099-465E-BB5B-35D9B5669295}.Release|ARM.Deploy.0 = Release|ARM
		{6207EBFB-0099-465E-BB5B-35D9B5669295}.Release|x64.ActiveCfg = Release|x64
		{6207EBFB-0099-465E-BB5B-35D9B5669295}.Release|x64.Build.0 = Release|x64
		{6207EBFB-0099-465E-BB5B-35D9B5669295}.Release|x64.Deploy.0 = Release|x64
		{6207EBFB-0099-465E-BB5B-35D9B5669295}.Release|x86.ActiveCfg = Release|x86
		{6207EBFB-0099-465E-BB5B-35D9B5669295}.Release|x86.Build.0 = Release|x86
		{6207EBFB-0099-465E-BB5B-35D9B5669295}.Release|x86.Deploy.0 = Release|x86
		{A74E5178-494A-4B79-86EB-AB16CA15C5DB}.Debug|Any CPU.ActiveCfg = Debug|Any CPU
		{A74E5178-494A-4B79-86EB-AB16CA15C5DB}.Debug|Any CPU.Build.0 = Debug|Any CPU
		{A74E5178-494A-4B79-86EB-AB16CA15C5DB}.Debug|ARM.ActiveCfg = Debug|Any CPU
		{A74E5178-494A-4B79-86EB-AB16CA15C5DB}.Debug|ARM.Build.0 = Debug|Any CPU
		{A74E5178-494A-4B79-86EB-AB16CA15C5DB}.Debug|x64.ActiveCfg = Debug|Any CPU
		{A74E5178-494A-4B79-86EB-AB16CA15C5DB}.Debug|x64.Build.0 = Debug|Any CPU
		{A74E5178-494A-4B79-86EB-AB16CA15C5DB}.Debug|x86.ActiveCfg = Debug|Any CPU
		{A74E5178-494A-4B79-86EB-AB16CA15C5DB}.Debug|x86.Build.0 = Debug|Any CPU
		{A74E5178-494A-4B79-86EB-AB16CA15C5DB}.Release|Any CPU.ActiveCfg = Release|Any CPU
		{A74E5178-494A-4B79-86EB-AB16CA15C5DB}.Release|Any CPU.Build.0 = Release|Any CPU
		{A74E5178-494A-4B79-86EB-AB16CA15C5DB}.Release|ARM.ActiveCfg = Release|Any CPU
		{A74E5178-494A-4B79-86EB-AB16CA15C5DB}.Release|ARM.Build.0 = Release|Any CPU
		{A74E5178-494A-4B79-86EB-AB16CA15C5DB}.Release|x64.ActiveCfg = Release|Any CPU
		{A74E5178-494A-4B79-86EB-AB16CA15C5DB}.Release|x64.Build.0 = Release|Any CPU
		{A74E5178-494A-4B79-86EB-AB16CA15C5DB}.Release|x86.ActiveCfg = Release|Any CPU
		{A74E5178-494A-4B79-86EB-AB16CA15C5DB}.Release|x86.Build.0 = Release|Any CPU
		{ABDED655-471F-4938-82A3-18812EE661A1}.Debug|Any CPU.ActiveCfg = Debug|Any CPU
		{ABDED655-471F-4938-82A3-18812EE661A1}.Debug|Any CPU.Build.0 = Debug|Any CPU
		{ABDED655-471F-4938-82A3-18812EE661A1}.Debug|ARM.ActiveCfg = Debug|Any CPU
		{ABDED655-471F-4938-82A3-18812EE661A1}.Debug|ARM.Build.0 = Debug|Any CPU
		{ABDED655-471F-4938-82A3-18812EE661A1}.Debug|x64.ActiveCfg = Debug|Any CPU
		{ABDED655-471F-4938-82A3-18812EE661A1}.Debug|x64.Build.0 = Debug|Any CPU
		{ABDED655-471F-4938-82A3-18812EE661A1}.Debug|x86.ActiveCfg = Debug|Any CPU
		{ABDED655-471F-4938-82A3-18812EE661A1}.Debug|x86.Build.0 = Debug|Any CPU
		{ABDED655-471F-4938-82A3-18812EE661A1}.Release|Any CPU.ActiveCfg = Release|Any CPU
		{ABDED655-471F-4938-82A3-18812EE661A1}.Release|Any CPU.Build.0 = Release|Any CPU
		{ABDED655-471F-4938-82A3-18812EE661A1}.Release|ARM.ActiveCfg = Release|Any CPU
		{ABDED655-471F-4938-82A3-18812EE661A1}.Release|ARM.Build.0 = Release|Any CPU
		{ABDED655-471F-4938-82A3-18812EE661A1}.Release|x64.ActiveCfg = Release|Any CPU
		{ABDED655-471F-4938-82A3-18812EE661A1}.Release|x64.Build.0 = Release|Any CPU
		{ABDED655-471F-4938-82A3-18812EE661A1}.Release|x86.ActiveCfg = Release|Any CPU
		{ABDED655-471F-4938-82A3-18812EE661A1}.Release|x86.Build.0 = Release|Any CPU
		{58F7941B-9FB0-4EE5-9AF1-C07EAEAB8744}.Debug|Any CPU.ActiveCfg = Debug|x86
		{58F7941B-9FB0-4EE5-9AF1-C07EAEAB8744}.Debug|ARM.ActiveCfg = Debug|ARM
		{58F7941B-9FB0-4EE5-9AF1-C07EAEAB8744}.Debug|ARM.Build.0 = Debug|ARM
		{58F7941B-9FB0-4EE5-9AF1-C07EAEAB8744}.Debug|ARM.Deploy.0 = Debug|ARM
		{58F7941B-9FB0-4EE5-9AF1-C07EAEAB8744}.Debug|x64.ActiveCfg = Debug|x64
		{58F7941B-9FB0-4EE5-9AF1-C07EAEAB8744}.Debug|x64.Build.0 = Debug|x64
		{58F7941B-9FB0-4EE5-9AF1-C07EAEAB8744}.Debug|x64.Deploy.0 = Debug|x64
		{58F7941B-9FB0-4EE5-9AF1-C07EAEAB8744}.Debug|x86.ActiveCfg = Debug|x86
		{58F7941B-9FB0-4EE5-9AF1-C07EAEAB8744}.Debug|x86.Build.0 = Debug|x86
		{58F7941B-9FB0-4EE5-9AF1-C07EAEAB8744}.Debug|x86.Deploy.0 = Debug|x86
		{58F7941B-9FB0-4EE5-9AF1-C07EAEAB8744}.Release|Any CPU.ActiveCfg = Release|x86
		{58F7941B-9FB0-4EE5-9AF1-C07EAEAB8744}.Release|ARM.ActiveCfg = Release|ARM
		{58F7941B-9FB0-4EE5-9AF1-C07EAEAB8744}.Release|ARM.Build.0 = Release|ARM
		{58F7941B-9FB0-4EE5-9AF1-C07EAEAB8744}.Release|ARM.Deploy.0 = Release|ARM
		{58F7941B-9FB0-4EE5-9AF1-C07EAEAB8744}.Release|x64.ActiveCfg = Release|x64
		{58F7941B-9FB0-4EE5-9AF1-C07EAEAB8744}.Release|x64.Build.0 = Release|x64
		{58F7941B-9FB0-4EE5-9AF1-C07EAEAB8744}.Release|x64.Deploy.0 = Release|x64
		{58F7941B-9FB0-4EE5-9AF1-C07EAEAB8744}.Release|x86.ActiveCfg = Release|x86
		{58F7941B-9FB0-4EE5-9AF1-C07EAEAB8744}.Release|x86.Build.0 = Release|x86
		{58F7941B-9FB0-4EE5-9AF1-C07EAEAB8744}.Release|x86.Deploy.0 = Release|x86
	EndGlobalSection
	GlobalSection(SolutionProperties) = preSolution
		HideSolutionNode = FALSE
	EndGlobalSection
	GlobalSection(ExtensibilityGlobals) = postSolution
		SolutionGuid = {D1C77D1F-B669-4A43-A09B-7F21CD8172ED}
	EndGlobalSection
EndGlobal
