
Microsoft Visual Studio Solution File, Format Version 12.00
# Visual Studio 15
VisualStudioVersion = 15.0.27906.1
MinimumVisualStudioVersion = 10.0.40219.1
Project("{FAE04EC0-301F-11D3-BF4B-00C04F79EFBC}") = "JackSazerak.UWP", "JackSazerak.UWP\JackSazerak.UWP.csproj", "{6207EBFB-0099-465E-BB5B-35D9B5669295}"
EndProject
Project("{9A19103F-16F7-4668-BE54-9A1E7A4F7556}") = "JackSazerak.lib", "JackSazerak.lib\JackSazerak.lib.csproj", "{A74E5178-494A-4B79-86EB-AB16CA15C5DB}"
EndProject
Project("{9A19103F-16F7-4668-BE54-9A1E7A4F7556}") = "JackSazerak.Web", "JackSazerak.Web\JackSazerak.Web.csproj", "{ABDED655-471F-4938-82A3-18812EE661A1}"
EndProject
Project("{FAE04EC0-301F-11D3-BF4B-00C04F79EFBC}") = "JackSazerak.Editor.UWP", "JackSazerak.Edtior.UWP\JackSazerak.Editor.UWP.csproj", "{58F7941B-9FB0-4EE5-9AF1-C07EAEAB8744}"
EndProject
Project("{9A19103F-16F7-4668-BE54-9A1E7A4F7556}") = "JackSazerak.Editor.lib", "JackSazerak.Editor.lib\JackSazerak.Editor.lib.csproj", "{F53B3AC4-7F77-4DB3-AB97-E50FA23E0881}"
EndProject
Project("{FAE04EC0-301F-11D3-BF4B-00C04F79EFBC}") = "JackSazerak.Editor.Android", "JackSazerak.Editor.Android\JackSazerak.Editor.Android.csproj", "{A0035C27-B208-4D28-B184-A372953DDA01}"
EndProject
Project("{FAE04EC0-301F-11D3-BF4B-00C04F79EFBC}") = "JackSazerak.Editor.iOS", "JackSazerak.Editor.iOS\JackSazerak.Editor.iOS.csproj", "{1A0E717A-4439-4E2F-822C-203CAA14E047}"
EndProject
Global
	GlobalSection(SolutionConfigurationPlatforms) = preSolution
		Ad-Hoc|Any CPU = Ad-Hoc|Any CPU
		Ad-Hoc|ARM = Ad-Hoc|ARM
		Ad-Hoc|iPhone = Ad-Hoc|iPhone
		Ad-Hoc|iPhoneSimulator = Ad-Hoc|iPhoneSimulator
		Ad-Hoc|x64 = Ad-Hoc|x64
		Ad-Hoc|x86 = Ad-Hoc|x86
		AppStore|Any CPU = AppStore|Any CPU
		AppStore|ARM = AppStore|ARM
		AppStore|iPhone = AppStore|iPhone
		AppStore|iPhoneSimulator = AppStore|iPhoneSimulator
		AppStore|x64 = AppStore|x64
		AppStore|x86 = AppStore|x86
		Debug|Any CPU = Debug|Any CPU
		Debug|ARM = Debug|ARM
		Debug|iPhone = Debug|iPhone
		Debug|iPhoneSimulator = Debug|iPhoneSimulator
		Debug|x64 = Debug|x64
		Debug|x86 = Debug|x86
		Release|Any CPU = Release|Any CPU
		Release|ARM = Release|ARM
		Release|iPhone = Release|iPhone
		Release|iPhoneSimulator = Release|iPhoneSimulator
		Release|x64 = Release|x64
		Release|x86 = Release|x86
	EndGlobalSection
	GlobalSection(ProjectConfigurationPlatforms) = postSolution
		{6207EBFB-0099-465E-BB5B-35D9B5669295}.Ad-Hoc|Any CPU.ActiveCfg = Release|x64
		{6207EBFB-0099-465E-BB5B-35D9B5669295}.Ad-Hoc|Any CPU.Build.0 = Release|x64
		{6207EBFB-0099-465E-BB5B-35D9B5669295}.Ad-Hoc|Any CPU.Deploy.0 = Release|x64
		{6207EBFB-0099-465E-BB5B-35D9B5669295}.Ad-Hoc|ARM.ActiveCfg = Release|ARM
		{6207EBFB-0099-465E-BB5B-35D9B5669295}.Ad-Hoc|ARM.Build.0 = Release|ARM
		{6207EBFB-0099-465E-BB5B-35D9B5669295}.Ad-Hoc|ARM.Deploy.0 = Release|ARM
		{6207EBFB-0099-465E-BB5B-35D9B5669295}.Ad-Hoc|iPhone.ActiveCfg = Release|x64
		{6207EBFB-0099-465E-BB5B-35D9B5669295}.Ad-Hoc|iPhone.Build.0 = Release|x64
		{6207EBFB-0099-465E-BB5B-35D9B5669295}.Ad-Hoc|iPhone.Deploy.0 = Release|x64
		{6207EBFB-0099-465E-BB5B-35D9B5669295}.Ad-Hoc|iPhoneSimulator.ActiveCfg = Release|x64
		{6207EBFB-0099-465E-BB5B-35D9B5669295}.Ad-Hoc|iPhoneSimulator.Build.0 = Release|x64
		{6207EBFB-0099-465E-BB5B-35D9B5669295}.Ad-Hoc|iPhoneSimulator.Deploy.0 = Release|x64
		{6207EBFB-0099-465E-BB5B-35D9B5669295}.Ad-Hoc|x64.ActiveCfg = Release|x64
		{6207EBFB-0099-465E-BB5B-35D9B5669295}.Ad-Hoc|x64.Build.0 = Release|x64
		{6207EBFB-0099-465E-BB5B-35D9B5669295}.Ad-Hoc|x64.Deploy.0 = Release|x64
		{6207EBFB-0099-465E-BB5B-35D9B5669295}.Ad-Hoc|x86.ActiveCfg = Release|x86
		{6207EBFB-0099-465E-BB5B-35D9B5669295}.Ad-Hoc|x86.Build.0 = Release|x86
		{6207EBFB-0099-465E-BB5B-35D9B5669295}.Ad-Hoc|x86.Deploy.0 = Release|x86
		{6207EBFB-0099-465E-BB5B-35D9B5669295}.AppStore|Any CPU.ActiveCfg = Release|x64
		{6207EBFB-0099-465E-BB5B-35D9B5669295}.AppStore|Any CPU.Build.0 = Release|x64
		{6207EBFB-0099-465E-BB5B-35D9B5669295}.AppStore|Any CPU.Deploy.0 = Release|x64
		{6207EBFB-0099-465E-BB5B-35D9B5669295}.AppStore|ARM.ActiveCfg = Release|ARM
		{6207EBFB-0099-465E-BB5B-35D9B5669295}.AppStore|ARM.Build.0 = Release|ARM
		{6207EBFB-0099-465E-BB5B-35D9B5669295}.AppStore|ARM.Deploy.0 = Release|ARM
		{6207EBFB-0099-465E-BB5B-35D9B5669295}.AppStore|iPhone.ActiveCfg = Release|x64
		{6207EBFB-0099-465E-BB5B-35D9B5669295}.AppStore|iPhone.Build.0 = Release|x64
		{6207EBFB-0099-465E-BB5B-35D9B5669295}.AppStore|iPhone.Deploy.0 = Release|x64
		{6207EBFB-0099-465E-BB5B-35D9B5669295}.AppStore|iPhoneSimulator.ActiveCfg = Release|x64
		{6207EBFB-0099-465E-BB5B-35D9B5669295}.AppStore|iPhoneSimulator.Build.0 = Release|x64
		{6207EBFB-0099-465E-BB5B-35D9B5669295}.AppStore|iPhoneSimulator.Deploy.0 = Release|x64
		{6207EBFB-0099-465E-BB5B-35D9B5669295}.AppStore|x64.ActiveCfg = Release|x64
		{6207EBFB-0099-465E-BB5B-35D9B5669295}.AppStore|x64.Build.0 = Release|x64
		{6207EBFB-0099-465E-BB5B-35D9B5669295}.AppStore|x64.Deploy.0 = Release|x64
		{6207EBFB-0099-465E-BB5B-35D9B5669295}.AppStore|x86.ActiveCfg = Release|x86
		{6207EBFB-0099-465E-BB5B-35D9B5669295}.AppStore|x86.Build.0 = Release|x86
		{6207EBFB-0099-465E-BB5B-35D9B5669295}.AppStore|x86.Deploy.0 = Release|x86
		{6207EBFB-0099-465E-BB5B-35D9B5669295}.Debug|Any CPU.ActiveCfg = Debug|x86
		{6207EBFB-0099-465E-BB5B-35D9B5669295}.Debug|ARM.ActiveCfg = Debug|ARM
		{6207EBFB-0099-465E-BB5B-35D9B5669295}.Debug|ARM.Build.0 = Debug|ARM
		{6207EBFB-0099-465E-BB5B-35D9B5669295}.Debug|ARM.Deploy.0 = Debug|ARM
		{6207EBFB-0099-465E-BB5B-35D9B5669295}.Debug|iPhone.ActiveCfg = Debug|x86
		{6207EBFB-0099-465E-BB5B-35D9B5669295}.Debug|iPhoneSimulator.ActiveCfg = Debug|x86
		{6207EBFB-0099-465E-BB5B-35D9B5669295}.Debug|x64.ActiveCfg = Debug|x64
		{6207EBFB-0099-465E-BB5B-35D9B5669295}.Debug|x64.Build.0 = Debug|x64
		{6207EBFB-0099-465E-BB5B-35D9B5669295}.Debug|x64.Deploy.0 = Debug|x64
		{6207EBFB-0099-465E-BB5B-35D9B5669295}.Debug|x86.ActiveCfg = Debug|x86
		{6207EBFB-0099-465E-BB5B-35D9B5669295}.Debug|x86.Build.0 = Debug|x86
		{6207EBFB-0099-465E-BB5B-35D9B5669295}.Debug|x86.Deploy.0 = Debug|x86
		{6207EBFB-0099-465E-BB5B-35D9B5669295}.Release|Any CPU.ActiveCfg = Release|x86
		{6207EBFB-0099-465E-BB5B-35D9B5669295}.Release|ARM.ActiveCfg = Release|ARM
		{6207EBFB-0099-465E-BB5B-35D9B5669295}.Release|ARM.Build.0 = Release|ARM
		{6207EBFB-0099-465E-BB5B-35D9B5669295}.Release|ARM.Deploy.0 = Release|ARM
		{6207EBFB-0099-465E-BB5B-35D9B5669295}.Release|iPhone.ActiveCfg = Release|x86
		{6207EBFB-0099-465E-BB5B-35D9B5669295}.Release|iPhoneSimulator.ActiveCfg = Release|x86
		{6207EBFB-0099-465E-BB5B-35D9B5669295}.Release|x64.ActiveCfg = Release|x64
		{6207EBFB-0099-465E-BB5B-35D9B5669295}.Release|x64.Build.0 = Release|x64
		{6207EBFB-0099-465E-BB5B-35D9B5669295}.Release|x64.Deploy.0 = Release|x64
		{6207EBFB-0099-465E-BB5B-35D9B5669295}.Release|x86.ActiveCfg = Release|x86
		{6207EBFB-0099-465E-BB5B-35D9B5669295}.Release|x86.Build.0 = Release|x86
		{6207EBFB-0099-465E-BB5B-35D9B5669295}.Release|x86.Deploy.0 = Release|x86
		{A74E5178-494A-4B79-86EB-AB16CA15C5DB}.Ad-Hoc|Any CPU.ActiveCfg = Release|Any CPU
		{A74E5178-494A-4B79-86EB-AB16CA15C5DB}.Ad-Hoc|Any CPU.Build.0 = Release|Any CPU
		{A74E5178-494A-4B79-86EB-AB16CA15C5DB}.Ad-Hoc|ARM.ActiveCfg = Release|Any CPU
		{A74E5178-494A-4B79-86EB-AB16CA15C5DB}.Ad-Hoc|ARM.Build.0 = Release|Any CPU
		{A74E5178-494A-4B79-86EB-AB16CA15C5DB}.Ad-Hoc|iPhone.ActiveCfg = Release|Any CPU
		{A74E5178-494A-4B79-86EB-AB16CA15C5DB}.Ad-Hoc|iPhone.Build.0 = Release|Any CPU
		{A74E5178-494A-4B79-86EB-AB16CA15C5DB}.Ad-Hoc|iPhoneSimulator.ActiveCfg = Release|Any CPU
		{A74E5178-494A-4B79-86EB-AB16CA15C5DB}.Ad-Hoc|iPhoneSimulator.Build.0 = Release|Any CPU
		{A74E5178-494A-4B79-86EB-AB16CA15C5DB}.Ad-Hoc|x64.ActiveCfg = Release|Any CPU
		{A74E5178-494A-4B79-86EB-AB16CA15C5DB}.Ad-Hoc|x64.Build.0 = Release|Any CPU
		{A74E5178-494A-4B79-86EB-AB16CA15C5DB}.Ad-Hoc|x86.ActiveCfg = Release|Any CPU
		{A74E5178-494A-4B79-86EB-AB16CA15C5DB}.Ad-Hoc|x86.Build.0 = Release|Any CPU
		{A74E5178-494A-4B79-86EB-AB16CA15C5DB}.AppStore|Any CPU.ActiveCfg = Release|Any CPU
		{A74E5178-494A-4B79-86EB-AB16CA15C5DB}.AppStore|Any CPU.Build.0 = Release|Any CPU
		{A74E5178-494A-4B79-86EB-AB16CA15C5DB}.AppStore|ARM.ActiveCfg = Release|Any CPU
		{A74E5178-494A-4B79-86EB-AB16CA15C5DB}.AppStore|ARM.Build.0 = Release|Any CPU
		{A74E5178-494A-4B79-86EB-AB16CA15C5DB}.AppStore|iPhone.ActiveCfg = Release|Any CPU
		{A74E5178-494A-4B79-86EB-AB16CA15C5DB}.AppStore|iPhone.Build.0 = Release|Any CPU
		{A74E5178-494A-4B79-86EB-AB16CA15C5DB}.AppStore|iPhoneSimulator.ActiveCfg = Release|Any CPU
		{A74E5178-494A-4B79-86EB-AB16CA15C5DB}.AppStore|iPhoneSimulator.Build.0 = Release|Any CPU
		{A74E5178-494A-4B79-86EB-AB16CA15C5DB}.AppStore|x64.ActiveCfg = Release|Any CPU
		{A74E5178-494A-4B79-86EB-AB16CA15C5DB}.AppStore|x64.Build.0 = Release|Any CPU
		{A74E5178-494A-4B79-86EB-AB16CA15C5DB}.AppStore|x86.ActiveCfg = Release|Any CPU
		{A74E5178-494A-4B79-86EB-AB16CA15C5DB}.AppStore|x86.Build.0 = Release|Any CPU
		{A74E5178-494A-4B79-86EB-AB16CA15C5DB}.Debug|Any CPU.ActiveCfg = Debug|Any CPU
		{A74E5178-494A-4B79-86EB-AB16CA15C5DB}.Debug|Any CPU.Build.0 = Debug|Any CPU
		{A74E5178-494A-4B79-86EB-AB16CA15C5DB}.Debug|ARM.ActiveCfg = Debug|Any CPU
		{A74E5178-494A-4B79-86EB-AB16CA15C5DB}.Debug|ARM.Build.0 = Debug|Any CPU
		{A74E5178-494A-4B79-86EB-AB16CA15C5DB}.Debug|iPhone.ActiveCfg = Debug|Any CPU
		{A74E5178-494A-4B79-86EB-AB16CA15C5DB}.Debug|iPhone.Build.0 = Debug|Any CPU
		{A74E5178-494A-4B79-86EB-AB16CA15C5DB}.Debug|iPhoneSimulator.ActiveCfg = Debug|Any CPU
		{A74E5178-494A-4B79-86EB-AB16CA15C5DB}.Debug|iPhoneSimulator.Build.0 = Debug|Any CPU
		{A74E5178-494A-4B79-86EB-AB16CA15C5DB}.Debug|x64.ActiveCfg = Debug|Any CPU
		{A74E5178-494A-4B79-86EB-AB16CA15C5DB}.Debug|x64.Build.0 = Debug|Any CPU
		{A74E5178-494A-4B79-86EB-AB16CA15C5DB}.Debug|x86.ActiveCfg = Debug|Any CPU
		{A74E5178-494A-4B79-86EB-AB16CA15C5DB}.Debug|x86.Build.0 = Debug|Any CPU
		{A74E5178-494A-4B79-86EB-AB16CA15C5DB}.Release|Any CPU.ActiveCfg = Release|Any CPU
		{A74E5178-494A-4B79-86EB-AB16CA15C5DB}.Release|Any CPU.Build.0 = Release|Any CPU
		{A74E5178-494A-4B79-86EB-AB16CA15C5DB}.Release|ARM.ActiveCfg = Release|Any CPU
		{A74E5178-494A-4B79-86EB-AB16CA15C5DB}.Release|ARM.Build.0 = Release|Any CPU
		{A74E5178-494A-4B79-86EB-AB16CA15C5DB}.Release|iPhone.ActiveCfg = Release|Any CPU
		{A74E5178-494A-4B79-86EB-AB16CA15C5DB}.Release|iPhone.Build.0 = Release|Any CPU
		{A74E5178-494A-4B79-86EB-AB16CA15C5DB}.Release|iPhoneSimulator.ActiveCfg = Release|Any CPU
		{A74E5178-494A-4B79-86EB-AB16CA15C5DB}.Release|iPhoneSimulator.Build.0 = Release|Any CPU
		{A74E5178-494A-4B79-86EB-AB16CA15C5DB}.Release|x64.ActiveCfg = Release|Any CPU
		{A74E5178-494A-4B79-86EB-AB16CA15C5DB}.Release|x64.Build.0 = Release|Any CPU
		{A74E5178-494A-4B79-86EB-AB16CA15C5DB}.Release|x86.ActiveCfg = Release|Any CPU
		{A74E5178-494A-4B79-86EB-AB16CA15C5DB}.Release|x86.Build.0 = Release|Any CPU
		{ABDED655-471F-4938-82A3-18812EE661A1}.Ad-Hoc|Any CPU.ActiveCfg = Release|Any CPU
		{ABDED655-471F-4938-82A3-18812EE661A1}.Ad-Hoc|Any CPU.Build.0 = Release|Any CPU
		{ABDED655-471F-4938-82A3-18812EE661A1}.Ad-Hoc|ARM.ActiveCfg = Release|Any CPU
		{ABDED655-471F-4938-82A3-18812EE661A1}.Ad-Hoc|ARM.Build.0 = Release|Any CPU
		{ABDED655-471F-4938-82A3-18812EE661A1}.Ad-Hoc|iPhone.ActiveCfg = Release|Any CPU
		{ABDED655-471F-4938-82A3-18812EE661A1}.Ad-Hoc|iPhone.Build.0 = Release|Any CPU
		{ABDED655-471F-4938-82A3-18812EE661A1}.Ad-Hoc|iPhoneSimulator.ActiveCfg = Release|Any CPU
		{ABDED655-471F-4938-82A3-18812EE661A1}.Ad-Hoc|iPhoneSimulator.Build.0 = Release|Any CPU
		{ABDED655-471F-4938-82A3-18812EE661A1}.Ad-Hoc|x64.ActiveCfg = Release|Any CPU
		{ABDED655-471F-4938-82A3-18812EE661A1}.Ad-Hoc|x64.Build.0 = Release|Any CPU
		{ABDED655-471F-4938-82A3-18812EE661A1}.Ad-Hoc|x86.ActiveCfg = Release|Any CPU
		{ABDED655-471F-4938-82A3-18812EE661A1}.Ad-Hoc|x86.Build.0 = Release|Any CPU
		{ABDED655-471F-4938-82A3-18812EE661A1}.AppStore|Any CPU.ActiveCfg = Release|Any CPU
		{ABDED655-471F-4938-82A3-18812EE661A1}.AppStore|Any CPU.Build.0 = Release|Any CPU
		{ABDED655-471F-4938-82A3-18812EE661A1}.AppStore|ARM.ActiveCfg = Release|Any CPU
		{ABDED655-471F-4938-82A3-18812EE661A1}.AppStore|ARM.Build.0 = Release|Any CPU
		{ABDED655-471F-4938-82A3-18812EE661A1}.AppStore|iPhone.ActiveCfg = Release|Any CPU
		{ABDED655-471F-4938-82A3-18812EE661A1}.AppStore|iPhone.Build.0 = Release|Any CPU
		{ABDED655-471F-4938-82A3-18812EE661A1}.AppStore|iPhoneSimulator.ActiveCfg = Release|Any CPU
		{ABDED655-471F-4938-82A3-18812EE661A1}.AppStore|iPhoneSimulator.Build.0 = Release|Any CPU
		{ABDED655-471F-4938-82A3-18812EE661A1}.AppStore|x64.ActiveCfg = Release|Any CPU
		{ABDED655-471F-4938-82A3-18812EE661A1}.AppStore|x64.Build.0 = Release|Any CPU
		{ABDED655-471F-4938-82A3-18812EE661A1}.AppStore|x86.ActiveCfg = Release|Any CPU
		{ABDED655-471F-4938-82A3-18812EE661A1}.AppStore|x86.Build.0 = Release|Any CPU
		{ABDED655-471F-4938-82A3-18812EE661A1}.Debug|Any CPU.ActiveCfg = Debug|Any CPU
		{ABDED655-471F-4938-82A3-18812EE661A1}.Debug|ARM.ActiveCfg = Debug|Any CPU
		{ABDED655-471F-4938-82A3-18812EE661A1}.Debug|ARM.Build.0 = Debug|Any CPU
		{ABDED655-471F-4938-82A3-18812EE661A1}.Debug|iPhone.ActiveCfg = Debug|Any CPU
		{ABDED655-471F-4938-82A3-18812EE661A1}.Debug|iPhone.Build.0 = Debug|Any CPU
		{ABDED655-471F-4938-82A3-18812EE661A1}.Debug|iPhoneSimulator.ActiveCfg = Debug|Any CPU
		{ABDED655-471F-4938-82A3-18812EE661A1}.Debug|iPhoneSimulator.Build.0 = Debug|Any CPU
		{ABDED655-471F-4938-82A3-18812EE661A1}.Debug|x64.ActiveCfg = Debug|Any CPU
		{ABDED655-471F-4938-82A3-18812EE661A1}.Debug|x64.Build.0 = Debug|Any CPU
		{ABDED655-471F-4938-82A3-18812EE661A1}.Debug|x86.ActiveCfg = Debug|Any CPU
		{ABDED655-471F-4938-82A3-18812EE661A1}.Debug|x86.Build.0 = Debug|Any CPU
		{ABDED655-471F-4938-82A3-18812EE661A1}.Release|Any CPU.ActiveCfg = Release|Any CPU
		{ABDED655-471F-4938-82A3-18812EE661A1}.Release|Any CPU.Build.0 = Release|Any CPU
		{ABDED655-471F-4938-82A3-18812EE661A1}.Release|ARM.ActiveCfg = Release|Any CPU
		{ABDED655-471F-4938-82A3-18812EE661A1}.Release|ARM.Build.0 = Release|Any CPU
		{ABDED655-471F-4938-82A3-18812EE661A1}.Release|iPhone.ActiveCfg = Release|Any CPU
		{ABDED655-471F-4938-82A3-18812EE661A1}.Release|iPhone.Build.0 = Release|Any CPU
		{ABDED655-471F-4938-82A3-18812EE661A1}.Release|iPhoneSimulator.ActiveCfg = Release|Any CPU
		{ABDED655-471F-4938-82A3-18812EE661A1}.Release|iPhoneSimulator.Build.0 = Release|Any CPU
		{ABDED655-471F-4938-82A3-18812EE661A1}.Release|x64.ActiveCfg = Release|Any CPU
		{ABDED655-471F-4938-82A3-18812EE661A1}.Release|x64.Build.0 = Release|Any CPU
		{ABDED655-471F-4938-82A3-18812EE661A1}.Release|x86.ActiveCfg = Release|Any CPU
		{ABDED655-471F-4938-82A3-18812EE661A1}.Release|x86.Build.0 = Release|Any CPU
		{58F7941B-9FB0-4EE5-9AF1-C07EAEAB8744}.Ad-Hoc|Any CPU.ActiveCfg = Release|x64
		{58F7941B-9FB0-4EE5-9AF1-C07EAEAB8744}.Ad-Hoc|Any CPU.Build.0 = Release|x64
		{58F7941B-9FB0-4EE5-9AF1-C07EAEAB8744}.Ad-Hoc|Any CPU.Deploy.0 = Release|x64
		{58F7941B-9FB0-4EE5-9AF1-C07EAEAB8744}.Ad-Hoc|ARM.ActiveCfg = Release|ARM
		{58F7941B-9FB0-4EE5-9AF1-C07EAEAB8744}.Ad-Hoc|ARM.Build.0 = Release|ARM
		{58F7941B-9FB0-4EE5-9AF1-C07EAEAB8744}.Ad-Hoc|ARM.Deploy.0 = Release|ARM
		{58F7941B-9FB0-4EE5-9AF1-C07EAEAB8744}.Ad-Hoc|iPhone.ActiveCfg = Release|x64
		{58F7941B-9FB0-4EE5-9AF1-C07EAEAB8744}.Ad-Hoc|iPhone.Build.0 = Release|x64
		{58F7941B-9FB0-4EE5-9AF1-C07EAEAB8744}.Ad-Hoc|iPhone.Deploy.0 = Release|x64
		{58F7941B-9FB0-4EE5-9AF1-C07EAEAB8744}.Ad-Hoc|iPhoneSimulator.ActiveCfg = Release|x64
		{58F7941B-9FB0-4EE5-9AF1-C07EAEAB8744}.Ad-Hoc|iPhoneSimulator.Build.0 = Release|x64
		{58F7941B-9FB0-4EE5-9AF1-C07EAEAB8744}.Ad-Hoc|iPhoneSimulator.Deploy.0 = Release|x64
		{58F7941B-9FB0-4EE5-9AF1-C07EAEAB8744}.Ad-Hoc|x64.ActiveCfg = Release|x64
		{58F7941B-9FB0-4EE5-9AF1-C07EAEAB8744}.Ad-Hoc|x64.Build.0 = Release|x64
		{58F7941B-9FB0-4EE5-9AF1-C07EAEAB8744}.Ad-Hoc|x64.Deploy.0 = Release|x64
		{58F7941B-9FB0-4EE5-9AF1-C07EAEAB8744}.Ad-Hoc|x86.ActiveCfg = Release|x86
		{58F7941B-9FB0-4EE5-9AF1-C07EAEAB8744}.Ad-Hoc|x86.Build.0 = Release|x86
		{58F7941B-9FB0-4EE5-9AF1-C07EAEAB8744}.Ad-Hoc|x86.Deploy.0 = Release|x86
		{58F7941B-9FB0-4EE5-9AF1-C07EAEAB8744}.AppStore|Any CPU.ActiveCfg = Release|x64
		{58F7941B-9FB0-4EE5-9AF1-C07EAEAB8744}.AppStore|Any CPU.Build.0 = Release|x64
		{58F7941B-9FB0-4EE5-9AF1-C07EAEAB8744}.AppStore|Any CPU.Deploy.0 = Release|x64
		{58F7941B-9FB0-4EE5-9AF1-C07EAEAB8744}.AppStore|ARM.ActiveCfg = Release|ARM
		{58F7941B-9FB0-4EE5-9AF1-C07EAEAB8744}.AppStore|ARM.Build.0 = Release|ARM
		{58F7941B-9FB0-4EE5-9AF1-C07EAEAB8744}.AppStore|ARM.Deploy.0 = Release|ARM
		{58F7941B-9FB0-4EE5-9AF1-C07EAEAB8744}.AppStore|iPhone.ActiveCfg = Release|x64
		{58F7941B-9FB0-4EE5-9AF1-C07EAEAB8744}.AppStore|iPhone.Build.0 = Release|x64
		{58F7941B-9FB0-4EE5-9AF1-C07EAEAB8744}.AppStore|iPhone.Deploy.0 = Release|x64
		{58F7941B-9FB0-4EE5-9AF1-C07EAEAB8744}.AppStore|iPhoneSimulator.ActiveCfg = Release|x64
		{58F7941B-9FB0-4EE5-9AF1-C07EAEAB8744}.AppStore|iPhoneSimulator.Build.0 = Release|x64
		{58F7941B-9FB0-4EE5-9AF1-C07EAEAB8744}.AppStore|iPhoneSimulator.Deploy.0 = Release|x64
		{58F7941B-9FB0-4EE5-9AF1-C07EAEAB8744}.AppStore|x64.ActiveCfg = Release|x64
		{58F7941B-9FB0-4EE5-9AF1-C07EAEAB8744}.AppStore|x64.Build.0 = Release|x64
		{58F7941B-9FB0-4EE5-9AF1-C07EAEAB8744}.AppStore|x64.Deploy.0 = Release|x64
		{58F7941B-9FB0-4EE5-9AF1-C07EAEAB8744}.AppStore|x86.ActiveCfg = Release|x86
		{58F7941B-9FB0-4EE5-9AF1-C07EAEAB8744}.AppStore|x86.Build.0 = Release|x86
		{58F7941B-9FB0-4EE5-9AF1-C07EAEAB8744}.AppStore|x86.Deploy.0 = Release|x86
		{58F7941B-9FB0-4EE5-9AF1-C07EAEAB8744}.Debug|Any CPU.ActiveCfg = Debug|x86
		{58F7941B-9FB0-4EE5-9AF1-C07EAEAB8744}.Debug|Any CPU.Build.0 = Debug|x86
		{58F7941B-9FB0-4EE5-9AF1-C07EAEAB8744}.Debug|Any CPU.Deploy.0 = Debug|x86
		{58F7941B-9FB0-4EE5-9AF1-C07EAEAB8744}.Debug|ARM.ActiveCfg = Debug|ARM
		{58F7941B-9FB0-4EE5-9AF1-C07EAEAB8744}.Debug|ARM.Build.0 = Debug|ARM
		{58F7941B-9FB0-4EE5-9AF1-C07EAEAB8744}.Debug|ARM.Deploy.0 = Debug|ARM
		{58F7941B-9FB0-4EE5-9AF1-C07EAEAB8744}.Debug|iPhone.ActiveCfg = Debug|x86
		{58F7941B-9FB0-4EE5-9AF1-C07EAEAB8744}.Debug|iPhoneSimulator.ActiveCfg = Debug|x86
		{58F7941B-9FB0-4EE5-9AF1-C07EAEAB8744}.Debug|x64.ActiveCfg = Debug|x64
		{58F7941B-9FB0-4EE5-9AF1-C07EAEAB8744}.Debug|x64.Build.0 = Debug|x64
		{58F7941B-9FB0-4EE5-9AF1-C07EAEAB8744}.Debug|x64.Deploy.0 = Debug|x64
		{58F7941B-9FB0-4EE5-9AF1-C07EAEAB8744}.Debug|x86.ActiveCfg = Debug|x86
		{58F7941B-9FB0-4EE5-9AF1-C07EAEAB8744}.Debug|x86.Build.0 = Debug|x86
		{58F7941B-9FB0-4EE5-9AF1-C07EAEAB8744}.Debug|x86.Deploy.0 = Debug|x86
		{58F7941B-9FB0-4EE5-9AF1-C07EAEAB8744}.Release|Any CPU.ActiveCfg = Release|x86
		{58F7941B-9FB0-4EE5-9AF1-C07EAEAB8744}.Release|ARM.ActiveCfg = Release|ARM
		{58F7941B-9FB0-4EE5-9AF1-C07EAEAB8744}.Release|ARM.Build.0 = Release|ARM
		{58F7941B-9FB0-4EE5-9AF1-C07EAEAB8744}.Release|ARM.Deploy.0 = Release|ARM
		{58F7941B-9FB0-4EE5-9AF1-C07EAEAB8744}.Release|iPhone.ActiveCfg = Release|x86
		{58F7941B-9FB0-4EE5-9AF1-C07EAEAB8744}.Release|iPhoneSimulator.ActiveCfg = Release|x86
		{58F7941B-9FB0-4EE5-9AF1-C07EAEAB8744}.Release|x64.ActiveCfg = Release|x64
		{58F7941B-9FB0-4EE5-9AF1-C07EAEAB8744}.Release|x64.Build.0 = Release|x64
		{58F7941B-9FB0-4EE5-9AF1-C07EAEAB8744}.Release|x64.Deploy.0 = Release|x64
		{58F7941B-9FB0-4EE5-9AF1-C07EAEAB8744}.Release|x86.ActiveCfg = Release|x86
		{58F7941B-9FB0-4EE5-9AF1-C07EAEAB8744}.Release|x86.Build.0 = Release|x86
		{58F7941B-9FB0-4EE5-9AF1-C07EAEAB8744}.Release|x86.Deploy.0 = Release|x86
		{F53B3AC4-7F77-4DB3-AB97-E50FA23E0881}.Ad-Hoc|Any CPU.ActiveCfg = Release|Any CPU
		{F53B3AC4-7F77-4DB3-AB97-E50FA23E0881}.Ad-Hoc|Any CPU.Build.0 = Release|Any CPU
		{F53B3AC4-7F77-4DB3-AB97-E50FA23E0881}.Ad-Hoc|ARM.ActiveCfg = Release|Any CPU
		{F53B3AC4-7F77-4DB3-AB97-E50FA23E0881}.Ad-Hoc|ARM.Build.0 = Release|Any CPU
		{F53B3AC4-7F77-4DB3-AB97-E50FA23E0881}.Ad-Hoc|iPhone.ActiveCfg = Release|Any CPU
		{F53B3AC4-7F77-4DB3-AB97-E50FA23E0881}.Ad-Hoc|iPhone.Build.0 = Release|Any CPU
		{F53B3AC4-7F77-4DB3-AB97-E50FA23E0881}.Ad-Hoc|iPhoneSimulator.ActiveCfg = Release|Any CPU
		{F53B3AC4-7F77-4DB3-AB97-E50FA23E0881}.Ad-Hoc|iPhoneSimulator.Build.0 = Release|Any CPU
		{F53B3AC4-7F77-4DB3-AB97-E50FA23E0881}.Ad-Hoc|x64.ActiveCfg = Release|Any CPU
		{F53B3AC4-7F77-4DB3-AB97-E50FA23E0881}.Ad-Hoc|x64.Build.0 = Release|Any CPU
		{F53B3AC4-7F77-4DB3-AB97-E50FA23E0881}.Ad-Hoc|x86.ActiveCfg = Release|Any CPU
		{F53B3AC4-7F77-4DB3-AB97-E50FA23E0881}.Ad-Hoc|x86.Build.0 = Release|Any CPU
		{F53B3AC4-7F77-4DB3-AB97-E50FA23E0881}.AppStore|Any CPU.ActiveCfg = Release|Any CPU
		{F53B3AC4-7F77-4DB3-AB97-E50FA23E0881}.AppStore|Any CPU.Build.0 = Release|Any CPU
		{F53B3AC4-7F77-4DB3-AB97-E50FA23E0881}.AppStore|ARM.ActiveCfg = Release|Any CPU
		{F53B3AC4-7F77-4DB3-AB97-E50FA23E0881}.AppStore|ARM.Build.0 = Release|Any CPU
		{F53B3AC4-7F77-4DB3-AB97-E50FA23E0881}.AppStore|iPhone.ActiveCfg = Release|Any CPU
		{F53B3AC4-7F77-4DB3-AB97-E50FA23E0881}.AppStore|iPhone.Build.0 = Release|Any CPU
		{F53B3AC4-7F77-4DB3-AB97-E50FA23E0881}.AppStore|iPhoneSimulator.ActiveCfg = Release|Any CPU
		{F53B3AC4-7F77-4DB3-AB97-E50FA23E0881}.AppStore|iPhoneSimulator.Build.0 = Release|Any CPU
		{F53B3AC4-7F77-4DB3-AB97-E50FA23E0881}.AppStore|x64.ActiveCfg = Release|Any CPU
		{F53B3AC4-7F77-4DB3-AB97-E50FA23E0881}.AppStore|x64.Build.0 = Release|Any CPU
		{F53B3AC4-7F77-4DB3-AB97-E50FA23E0881}.AppStore|x86.ActiveCfg = Release|Any CPU
		{F53B3AC4-7F77-4DB3-AB97-E50FA23E0881}.AppStore|x86.Build.0 = Release|Any CPU
		{F53B3AC4-7F77-4DB3-AB97-E50FA23E0881}.Debug|Any CPU.ActiveCfg = Debug|Any CPU
		{F53B3AC4-7F77-4DB3-AB97-E50FA23E0881}.Debug|Any CPU.Build.0 = Debug|Any CPU
		{F53B3AC4-7F77-4DB3-AB97-E50FA23E0881}.Debug|ARM.ActiveCfg = Debug|Any CPU
		{F53B3AC4-7F77-4DB3-AB97-E50FA23E0881}.Debug|ARM.Build.0 = Debug|Any CPU
		{F53B3AC4-7F77-4DB3-AB97-E50FA23E0881}.Debug|iPhone.ActiveCfg = Debug|Any CPU
		{F53B3AC4-7F77-4DB3-AB97-E50FA23E0881}.Debug|iPhone.Build.0 = Debug|Any CPU
		{F53B3AC4-7F77-4DB3-AB97-E50FA23E0881}.Debug|iPhoneSimulator.ActiveCfg = Debug|Any CPU
		{F53B3AC4-7F77-4DB3-AB97-E50FA23E0881}.Debug|iPhoneSimulator.Build.0 = Debug|Any CPU
		{F53B3AC4-7F77-4DB3-AB97-E50FA23E0881}.Debug|x64.ActiveCfg = Debug|Any CPU
		{F53B3AC4-7F77-4DB3-AB97-E50FA23E0881}.Debug|x64.Build.0 = Debug|Any CPU
		{F53B3AC4-7F77-4DB3-AB97-E50FA23E0881}.Debug|x86.ActiveCfg = Debug|Any CPU
		{F53B3AC4-7F77-4DB3-AB97-E50FA23E0881}.Debug|x86.Build.0 = Debug|Any CPU
		{F53B3AC4-7F77-4DB3-AB97-E50FA23E0881}.Release|Any CPU.ActiveCfg = Release|Any CPU
		{F53B3AC4-7F77-4DB3-AB97-E50FA23E0881}.Release|Any CPU.Build.0 = Release|Any CPU
		{F53B3AC4-7F77-4DB3-AB97-E50FA23E0881}.Release|ARM.ActiveCfg = Release|Any CPU
		{F53B3AC4-7F77-4DB3-AB97-E50FA23E0881}.Release|ARM.Build.0 = Release|Any CPU
		{F53B3AC4-7F77-4DB3-AB97-E50FA23E0881}.Release|iPhone.ActiveCfg = Release|Any CPU
		{F53B3AC4-7F77-4DB3-AB97-E50FA23E0881}.Release|iPhone.Build.0 = Release|Any CPU
		{F53B3AC4-7F77-4DB3-AB97-E50FA23E0881}.Release|iPhoneSimulator.ActiveCfg = Release|Any CPU
		{F53B3AC4-7F77-4DB3-AB97-E50FA23E0881}.Release|iPhoneSimulator.Build.0 = Release|Any CPU
		{F53B3AC4-7F77-4DB3-AB97-E50FA23E0881}.Release|x64.ActiveCfg = Release|Any CPU
		{F53B3AC4-7F77-4DB3-AB97-E50FA23E0881}.Release|x64.Build.0 = Release|Any CPU
		{F53B3AC4-7F77-4DB3-AB97-E50FA23E0881}.Release|x86.ActiveCfg = Release|Any CPU
		{F53B3AC4-7F77-4DB3-AB97-E50FA23E0881}.Release|x86.Build.0 = Release|Any CPU
		{A0035C27-B208-4D28-B184-A372953DDA01}.Ad-Hoc|Any CPU.ActiveCfg = Release|Any CPU
		{A0035C27-B208-4D28-B184-A372953DDA01}.Ad-Hoc|Any CPU.Build.0 = Release|Any CPU
		{A0035C27-B208-4D28-B184-A372953DDA01}.Ad-Hoc|Any CPU.Deploy.0 = Release|Any CPU
		{A0035C27-B208-4D28-B184-A372953DDA01}.Ad-Hoc|ARM.ActiveCfg = Release|Any CPU
		{A0035C27-B208-4D28-B184-A372953DDA01}.Ad-Hoc|ARM.Build.0 = Release|Any CPU
		{A0035C27-B208-4D28-B184-A372953DDA01}.Ad-Hoc|ARM.Deploy.0 = Release|Any CPU
		{A0035C27-B208-4D28-B184-A372953DDA01}.Ad-Hoc|iPhone.ActiveCfg = Release|Any CPU
		{A0035C27-B208-4D28-B184-A372953DDA01}.Ad-Hoc|iPhone.Build.0 = Release|Any CPU
		{A0035C27-B208-4D28-B184-A372953DDA01}.Ad-Hoc|iPhone.Deploy.0 = Release|Any CPU
		{A0035C27-B208-4D28-B184-A372953DDA01}.Ad-Hoc|iPhoneSimulator.ActiveCfg = Release|Any CPU
		{A0035C27-B208-4D28-B184-A372953DDA01}.Ad-Hoc|iPhoneSimulator.Build.0 = Release|Any CPU
		{A0035C27-B208-4D28-B184-A372953DDA01}.Ad-Hoc|iPhoneSimulator.Deploy.0 = Release|Any CPU
		{A0035C27-B208-4D28-B184-A372953DDA01}.Ad-Hoc|x64.ActiveCfg = Release|Any CPU
		{A0035C27-B208-4D28-B184-A372953DDA01}.Ad-Hoc|x64.Build.0 = Release|Any CPU
		{A0035C27-B208-4D28-B184-A372953DDA01}.Ad-Hoc|x64.Deploy.0 = Release|Any CPU
		{A0035C27-B208-4D28-B184-A372953DDA01}.Ad-Hoc|x86.ActiveCfg = Release|Any CPU
		{A0035C27-B208-4D28-B184-A372953DDA01}.Ad-Hoc|x86.Build.0 = Release|Any CPU
		{A0035C27-B208-4D28-B184-A372953DDA01}.Ad-Hoc|x86.Deploy.0 = Release|Any CPU
		{A0035C27-B208-4D28-B184-A372953DDA01}.AppStore|Any CPU.ActiveCfg = Release|Any CPU
		{A0035C27-B208-4D28-B184-A372953DDA01}.AppStore|Any CPU.Build.0 = Release|Any CPU
		{A0035C27-B208-4D28-B184-A372953DDA01}.AppStore|Any CPU.Deploy.0 = Release|Any CPU
		{A0035C27-B208-4D28-B184-A372953DDA01}.AppStore|ARM.ActiveCfg = Release|Any CPU
		{A0035C27-B208-4D28-B184-A372953DDA01}.AppStore|ARM.Build.0 = Release|Any CPU
		{A0035C27-B208-4D28-B184-A372953DDA01}.AppStore|ARM.Deploy.0 = Release|Any CPU
		{A0035C27-B208-4D28-B184-A372953DDA01}.AppStore|iPhone.ActiveCfg = Release|Any CPU
		{A0035C27-B208-4D28-B184-A372953DDA01}.AppStore|iPhone.Build.0 = Release|Any CPU
		{A0035C27-B208-4D28-B184-A372953DDA01}.AppStore|iPhone.Deploy.0 = Release|Any CPU
		{A0035C27-B208-4D28-B184-A372953DDA01}.AppStore|iPhoneSimulator.ActiveCfg = Release|Any CPU
		{A0035C27-B208-4D28-B184-A372953DDA01}.AppStore|iPhoneSimulator.Build.0 = Release|Any CPU
		{A0035C27-B208-4D28-B184-A372953DDA01}.AppStore|iPhoneSimulator.Deploy.0 = Release|Any CPU
		{A0035C27-B208-4D28-B184-A372953DDA01}.AppStore|x64.ActiveCfg = Release|Any CPU
		{A0035C27-B208-4D28-B184-A372953DDA01}.AppStore|x64.Build.0 = Release|Any CPU
		{A0035C27-B208-4D28-B184-A372953DDA01}.AppStore|x64.Deploy.0 = Release|Any CPU
		{A0035C27-B208-4D28-B184-A372953DDA01}.AppStore|x86.ActiveCfg = Release|Any CPU
		{A0035C27-B208-4D28-B184-A372953DDA01}.AppStore|x86.Build.0 = Release|Any CPU
		{A0035C27-B208-4D28-B184-A372953DDA01}.AppStore|x86.Deploy.0 = Release|Any CPU
		{A0035C27-B208-4D28-B184-A372953DDA01}.Debug|Any CPU.ActiveCfg = Debug|Any CPU
		{A0035C27-B208-4D28-B184-A372953DDA01}.Debug|Any CPU.Build.0 = Debug|Any CPU
		{A0035C27-B208-4D28-B184-A372953DDA01}.Debug|Any CPU.Deploy.0 = Debug|Any CPU
		{A0035C27-B208-4D28-B184-A372953DDA01}.Debug|ARM.ActiveCfg = Debug|Any CPU
		{A0035C27-B208-4D28-B184-A372953DDA01}.Debug|ARM.Build.0 = Debug|Any CPU
		{A0035C27-B208-4D28-B184-A372953DDA01}.Debug|ARM.Deploy.0 = Debug|Any CPU
		{A0035C27-B208-4D28-B184-A372953DDA01}.Debug|iPhone.ActiveCfg = Debug|Any CPU
		{A0035C27-B208-4D28-B184-A372953DDA01}.Debug|iPhone.Build.0 = Debug|Any CPU
		{A0035C27-B208-4D28-B184-A372953DDA01}.Debug|iPhone.Deploy.0 = Debug|Any CPU
		{A0035C27-B208-4D28-B184-A372953DDA01}.Debug|iPhoneSimulator.ActiveCfg = Debug|Any CPU
		{A0035C27-B208-4D28-B184-A372953DDA01}.Debug|iPhoneSimulator.Build.0 = Debug|Any CPU
		{A0035C27-B208-4D28-B184-A372953DDA01}.Debug|iPhoneSimulator.Deploy.0 = Debug|Any CPU
		{A0035C27-B208-4D28-B184-A372953DDA01}.Debug|x64.ActiveCfg = Debug|Any CPU
		{A0035C27-B208-4D28-B184-A372953DDA01}.Debug|x64.Build.0 = Debug|Any CPU
		{A0035C27-B208-4D28-B184-A372953DDA01}.Debug|x64.Deploy.0 = Debug|Any CPU
		{A0035C27-B208-4D28-B184-A372953DDA01}.Debug|x86.ActiveCfg = Debug|Any CPU
		{A0035C27-B208-4D28-B184-A372953DDA01}.Debug|x86.Build.0 = Debug|Any CPU
		{A0035C27-B208-4D28-B184-A372953DDA01}.Debug|x86.Deploy.0 = Debug|Any CPU
		{A0035C27-B208-4D28-B184-A372953DDA01}.Release|Any CPU.ActiveCfg = Release|Any CPU
		{A0035C27-B208-4D28-B184-A372953DDA01}.Release|Any CPU.Build.0 = Release|Any CPU
		{A0035C27-B208-4D28-B184-A372953DDA01}.Release|Any CPU.Deploy.0 = Release|Any CPU
		{A0035C27-B208-4D28-B184-A372953DDA01}.Release|ARM.ActiveCfg = Release|Any CPU
		{A0035C27-B208-4D28-B184-A372953DDA01}.Release|ARM.Build.0 = Release|Any CPU
		{A0035C27-B208-4D28-B184-A372953DDA01}.Release|ARM.Deploy.0 = Release|Any CPU
		{A0035C27-B208-4D28-B184-A372953DDA01}.Release|iPhone.ActiveCfg = Release|Any CPU
		{A0035C27-B208-4D28-B184-A372953DDA01}.Release|iPhone.Build.0 = Release|Any CPU
		{A0035C27-B208-4D28-B184-A372953DDA01}.Release|iPhone.Deploy.0 = Release|Any CPU
		{A0035C27-B208-4D28-B184-A372953DDA01}.Release|iPhoneSimulator.ActiveCfg = Release|Any CPU
		{A0035C27-B208-4D28-B184-A372953DDA01}.Release|iPhoneSimulator.Build.0 = Release|Any CPU
		{A0035C27-B208-4D28-B184-A372953DDA01}.Release|iPhoneSimulator.Deploy.0 = Release|Any CPU
		{A0035C27-B208-4D28-B184-A372953DDA01}.Release|x64.ActiveCfg = Release|Any CPU
		{A0035C27-B208-4D28-B184-A372953DDA01}.Release|x64.Build.0 = Release|Any CPU
		{A0035C27-B208-4D28-B184-A372953DDA01}.Release|x64.Deploy.0 = Release|Any CPU
		{A0035C27-B208-4D28-B184-A372953DDA01}.Release|x86.ActiveCfg = Release|Any CPU
		{A0035C27-B208-4D28-B184-A372953DDA01}.Release|x86.Build.0 = Release|Any CPU
		{A0035C27-B208-4D28-B184-A372953DDA01}.Release|x86.Deploy.0 = Release|Any CPU
		{1A0E717A-4439-4E2F-822C-203CAA14E047}.Ad-Hoc|Any CPU.ActiveCfg = Ad-Hoc|iPhone
		{1A0E717A-4439-4E2F-822C-203CAA14E047}.Ad-Hoc|ARM.ActiveCfg = Ad-Hoc|iPhone
		{1A0E717A-4439-4E2F-822C-203CAA14E047}.Ad-Hoc|iPhone.ActiveCfg = Ad-Hoc|iPhone
		{1A0E717A-4439-4E2F-822C-203CAA14E047}.Ad-Hoc|iPhone.Build.0 = Ad-Hoc|iPhone
		{1A0E717A-4439-4E2F-822C-203CAA14E047}.Ad-Hoc|iPhoneSimulator.ActiveCfg = Ad-Hoc|iPhoneSimulator
		{1A0E717A-4439-4E2F-822C-203CAA14E047}.Ad-Hoc|iPhoneSimulator.Build.0 = Ad-Hoc|iPhoneSimulator
		{1A0E717A-4439-4E2F-822C-203CAA14E047}.Ad-Hoc|x64.ActiveCfg = Ad-Hoc|iPhone
		{1A0E717A-4439-4E2F-822C-203CAA14E047}.Ad-Hoc|x86.ActiveCfg = Ad-Hoc|iPhone
		{1A0E717A-4439-4E2F-822C-203CAA14E047}.AppStore|Any CPU.ActiveCfg = AppStore|iPhone
		{1A0E717A-4439-4E2F-822C-203CAA14E047}.AppStore|ARM.ActiveCfg = AppStore|iPhone
		{1A0E717A-4439-4E2F-822C-203CAA14E047}.AppStore|iPhone.ActiveCfg = AppStore|iPhone
		{1A0E717A-4439-4E2F-822C-203CAA14E047}.AppStore|iPhone.Build.0 = AppStore|iPhone
		{1A0E717A-4439-4E2F-822C-203CAA14E047}.AppStore|iPhoneSimulator.ActiveCfg = AppStore|iPhoneSimulator
		{1A0E717A-4439-4E2F-822C-203CAA14E047}.AppStore|iPhoneSimulator.Build.0 = AppStore|iPhoneSimulator
		{1A0E717A-4439-4E2F-822C-203CAA14E047}.AppStore|x64.ActiveCfg = AppStore|iPhone
		{1A0E717A-4439-4E2F-822C-203CAA14E047}.AppStore|x86.ActiveCfg = AppStore|iPhone
		{1A0E717A-4439-4E2F-822C-203CAA14E047}.Debug|Any CPU.ActiveCfg = Debug|iPhone
		{1A0E717A-4439-4E2F-822C-203CAA14E047}.Debug|ARM.ActiveCfg = Debug|iPhone
		{1A0E717A-4439-4E2F-822C-203CAA14E047}.Debug|iPhone.ActiveCfg = Debug|iPhone
		{1A0E717A-4439-4E2F-822C-203CAA14E047}.Debug|iPhone.Build.0 = Debug|iPhone
		{1A0E717A-4439-4E2F-822C-203CAA14E047}.Debug|iPhoneSimulator.ActiveCfg = Debug|iPhoneSimulator
		{1A0E717A-4439-4E2F-822C-203CAA14E047}.Debug|iPhoneSimulator.Build.0 = Debug|iPhoneSimulator
		{1A0E717A-4439-4E2F-822C-203CAA14E047}.Debug|x64.ActiveCfg = Debug|iPhone
		{1A0E717A-4439-4E2F-822C-203CAA14E047}.Debug|x86.ActiveCfg = Debug|iPhone
		{1A0E717A-4439-4E2F-822C-203CAA14E047}.Release|Any CPU.ActiveCfg = Release|iPhone
		{1A0E717A-4439-4E2F-822C-203CAA14E047}.Release|ARM.ActiveCfg = Release|iPhone
		{1A0E717A-4439-4E2F-822C-203CAA14E047}.Release|iPhone.ActiveCfg = Release|iPhone
		{1A0E717A-4439-4E2F-822C-203CAA14E047}.Release|iPhone.Build.0 = Release|iPhone
		{1A0E717A-4439-4E2F-822C-203CAA14E047}.Release|iPhoneSimulator.ActiveCfg = Release|iPhoneSimulator
		{1A0E717A-4439-4E2F-822C-203CAA14E047}.Release|iPhoneSimulator.Build.0 = Release|iPhoneSimulator
		{1A0E717A-4439-4E2F-822C-203CAA14E047}.Release|x64.ActiveCfg = Release|iPhone
		{1A0E717A-4439-4E2F-822C-203CAA14E047}.Release|x86.ActiveCfg = Release|iPhone
	EndGlobalSection
	GlobalSection(SolutionProperties) = preSolution
		HideSolutionNode = FALSE
	EndGlobalSection
	GlobalSection(ExtensibilityGlobals) = postSolution
		SolutionGuid = {D1C77D1F-B669-4A43-A09B-7F21CD8172ED}
	EndGlobalSection
EndGlobal
